lockfileVersion: '6.0'

settings:
  autoInstallPeers: true
  excludeLinksFromLockfile: false

dependencies:
  '@cloudflare/workers-types':
    specifier: ^4.20240222.0
    version: 4.20240222.0
  hono:
    specifier: ^4.0.10
    version: 4.0.10

packages:

  /@cloudflare/workers-types@4.20240222.0:
    resolution: {integrity: sha512-luO0BdK3rLlCv3B240+cTrfqm+XSbHtpk+88aJtGwzyVK9QF/Xz8lBgE/oZZLN8nCTmOvxAZnszyxUuZ8GP8Cg==}
    dev: false

  /hono@4.0.10:
    resolution: {integrity: sha512-sq0RFAC3Ij+bkhZu90EGAQnVI1EhohRsjo9BU+BjXLbC71GSy41JjsFqCeg8MRpO2Gdu0A4MXF5licO89tn/rw==}
    engines: {node: '>=16.0.0'}
    dev: false
